// !$*UTF8*$!
{
	archiveVersion = 1;
	classes = {
	};
	objectVersion = 46;
	objects = {

/* Begin PBXBuildFile section */
		54BADE191B161A230000CD39 /* AppDelegate.swift in Sources */ = {isa = PBXBuildFile; fileRef = 54BADE181B161A230000CD39 /* AppDelegate.swift */; };
		54BADE1B1B161A230000CD39 /* GameScene.sks in Resources */ = {isa = PBXBuildFile; fileRef = 54BADE1A1B161A230000CD39 /* GameScene.sks */; };
		54BADE1D1B161A230000CD39 /* GameScene.swift in Sources */ = {isa = PBXBuildFile; fileRef = 54BADE1C1B161A230000CD39 /* GameScene.swift */; };
		54BADE1F1B161A230000CD39 /* GameViewController.swift in Sources */ = {isa = PBXBuildFile; fileRef = 54BADE1E1B161A230000CD39 /* GameViewController.swift */; };
		54BADE221B161A230000CD39 /* Main.storyboard in Resources */ = {isa = PBXBuildFile; fileRef = 54BADE201B161A230000CD39 /* Main.storyboard */; };
		54BADE241B161A230000CD39 /* Images.xcassets in Resources */ = {isa = PBXBuildFile; fileRef = 54BADE231B161A230000CD39 /* Images.xcassets */; };
		54BADE271B161A230000CD39 /* LaunchScreen.xib in Resources */ = {isa = PBXBuildFile; fileRef = 54BADE251B161A230000CD39 /* LaunchScreen.xib */; };
		54BADE331B161A230000CD39 /* gravityGameTests.swift in Sources */ = {isa = PBXBuildFile; fileRef = 54BADE321B161A230000CD39 /* gravityGameTests.swift */; };
/* End PBXBuildFile section */

/* Begin PBXContainerItemProxy section */
		54BADE2D1B161A230000CD39 /* PBXContainerItemProxy */ = {
			isa = PBXContainerItemProxy;
			containerPortal = 54BADE0B1B161A230000CD39 /* Project object */;
			proxyType = 1;
			remoteGlobalIDString = 54BADE121B161A230000CD39;
			remoteInfo = gravityGame;
		};
/* End PBXContainerItemProxy section */

/* Begin PBXFileReference section */
		54BADE131B161A230000CD39 /* gravityGame.app */ = {isa = PBXFileReference; explicitFileType = wrapper.application; includeInIndex = 0; path = gravityGame.app; sourceTree = BUILT_PRODUCTS_DIR; };
		54BADE171B161A230000CD39 /* Info.plist */ = {isa = PBXFileReference; lastKnownFileType = text.plist.xml; path = Info.plist; sourceTree = "<group>"; };
		54BADE181B161A230000CD39 /* AppDelegate.swift */ = {isa = PBXFileReference; lastKnownFileType = sourcecode.swift; path = AppDelegate.swift; sourceTree = "<group>"; };
		54BADE1A1B161A230000CD39 /* GameScene.sks */ = {isa = PBXFileReference; lastKnownFileType = file.sks; path = GameScene.sks; sourceTree = "<group>"; };
		54BADE1C1B161A230000CD39 /* GameScene.swift */ = {isa = PBXFileReference; lastKnownFileType = sourcecode.swift; path = GameScene.swift; sourceTree = "<group>"; };
		54BADE1E1B161A230000CD39 /* GameViewController.swift */ = {isa = PBXFileReference; lastKnownFileType = sourcecode.swift; path = GameViewController.swift; sourceTree = "<group>"; };
		54BADE211B161A230000CD39 /* Base */ = {isa = PBXFileReference; lastKnownFileType = file.storyboard; name = Base; path = Base.lproj/Main.storyboard; sourceTree = "<group>"; };
		54BADE231B161A230000CD39 /* Images.xcassets */ = {isa = PBXFileReference; lastKnownFileType = folder.assetcatalog; path = Images.xcassets; sourceTree = "<group>"; };
		54BADE261B161A230000CD39 /* Base */ = {isa = PBXFileReference; lastKnownFileType = file.xib; name = Base; path = Base.lproj/LaunchScreen.xib; sourceTree = "<group>"; };
		54BADE2C1B161A230000CD39 /* gravityGameTests.xctest */ = {isa = PBXFileReference; explicitFileType = wrapper.cfbundle; includeInIndex = 0; path = gravityGameTests.xctest; sourceTree = BUILT_PRODUCTS_DIR; };
		54BADE311B161A230000CD39 /* Info.plist */ = {isa = PBXFileReference; lastKnownFileType = text.plist.xml; path = Info.plist; sourceTree = "<group>"; };
		54BADE321B161A230000CD39 /* gravityGameTests.swift */ = {isa = PBXFileReference; lastKnownFileType = sourcecode.swift; path = gravityGameTests.swift; sourceTree = "<group>"; };
/* End PBXFileReference section */

/* Begin PBXFrameworksBuildPhase section */
		54BADE101B161A230000CD39 /* Frameworks */ = {
			isa = PBXFrameworksBuildPhase;
			buildActionMask = 2147483647;
			files = (
			);
			runOnlyForDeploymentPostprocessing = 0;
		};
		54BADE291B161A230000CD39 /* Frameworks */ = {
			isa = PBXFrameworksBuildPhase;
			buildActionMask = 2147483647;
			files = (
			);
			runOnlyForDeploymentPostprocessing = 0;
		};
/* End PBXFrameworksBuildPhase section */

/* Begin PBXGroup section */
		54BADE0A1B161A230000CD39 = {
			isa = PBXGroup;
			children = (
				54BADE151B161A230000CD39 /* gravityGame */,
				54BADE2F1B161A230000CD39 /* gravityGameTests */,
				54BADE141B161A230000CD39 /* Products */,
			);
			sourceTree = "<group>";
		};
		54BADE141B161A230000CD39 /* Products */ = {
			isa = PBXGroup;
			children = (
				54BADE131B161A230000CD39 /* gravityGame.app */,
				54BADE2C1B161A230000CD39 /* gravityGameTests.xctest */,
			);
			name = Products;
			sourceTree = "<group>";
		};
		54BADE151B161A230000CD39 /* gravityGame */ = {
			isa = PBXGroup;
			children = (
				54BADE181B161A230000CD39 /* AppDelegate.swift */,
				54BADE1A1B161A230000CD39 /* GameScene.sks */,
				54BADE1C1B161A230000CD39 /* GameScene.swift */,
				54BADE1E1B161A230000CD39 /* GameViewController.swift */,
				54BADE201B161A230000CD39 /* Main.storyboard */,
				54BADE231B161A230000CD39 /* Images.xcassets */,
				54BADE251B161A230000CD39 /* LaunchScreen.xib */,
				54BADE161B161A230000CD39 /* Supporting Files */,
			);
			path = gravityGame;
			sourceTree = "<group>";
		};
		54BADE161B161A230000CD39 /* Supporting Files */ = {
			isa = PBXGroup;
			children = (
				54BADE171B161A230000CD39 /* Info.plist */,
			);
			name = "Supporting Files";
			sourceTree = "<group>";
		};
		54BADE2F1B161A230000CD39 /* gravityGameTests */ = {
			isa = PBXGroup;
			children = (
				54BADE321B161A230000CD39 /* gravityGameTests.swift */,
				54BADE301B161A230000CD39 /* Supporting Files */,
			);
			path = gravityGameTests;
			sourceTree = "<group>";
		};
		54BADE301B161A230000CD39 /* Supporting Files */ = {
			isa = PBXGroup;
			children = (
				54BADE311B161A230000CD39 /* Info.plist */,
			);
			name = "Supporting Files";
			sourceTree = "<group>";
		};
/* End PBXGroup section */

/* Begin PBXNativeTarget section */
		54BADE121B161A230000CD39 /* gravityGame */ = {
			isa = PBXNativeTarget;
			buildConfigurationList = 54BADE361B161A230000CD39 /* Build configuration list for PBXNativeTarget "gravityGame" */;
			buildPhases = (
				54BADE0F1B161A230000CD39 /* Sources */,
				54BADE101B161A230000CD39 /* Frameworks */,
				54BADE111B161A230000CD39 /* Resources */,
			);
			buildRules = (
			);
			dependencies = (
			);
			name = gravityGame;
			productName = gravityGame;
			productReference = 54BADE131B161A230000CD39 /* gravityGame.app */;
			productType = "com.apple.product-type.application";
		};
		54BADE2B1B161A230000CD39 /* gravityGameTests */ = {
			isa = PBXNativeTarget;
			buildConfigurationList = 54BADE391B161A230000CD39 /* Build configuration list for PBXNativeTarget "gravityGameTests" */;
			buildPhases = (
				54BADE281B161A230000CD39 /* Sources */,
				54BADE291B161A230000CD39 /* Frameworks */,
				54BADE2A1B161A230000CD39 /* Resources */,
			);
			buildRules = (
			);
			dependencies = (
				54BADE2E1B161A230000CD39 /* PBXTargetDependency */,
			);
			name = gravityGameTests;
			productName = gravityGameTests;
			productReference = 54BADE2C1B161A230000CD39 /* gravityGameTests.xctest */;
			productType = "com.apple.product-type.bundle.unit-test";
		};
/* End PBXNativeTarget section */

/* Begin PBXProject section */
		54BADE0B1B161A230000CD39 /* Project object */ = {
			isa = PBXProject;
			attributes = {
				LastUpgradeCheck = 0630;
				ORGANIZATIONNAME = RafaelValer;
				TargetAttributes = {
					54BADE121B161A230000CD39 = {
						CreatedOnToolsVersion = 6.3.2;
					};
					54BADE2B1B161A230000CD39 = {
						CreatedOnToolsVersion = 6.3.2;
						TestTargetID = 54BADE121B161A230000CD39;
					};
				};
			};
			buildConfigurationList = 54BADE0E1B161A230000CD39 /* Build configuration list for PBXProject "gravityGame" */;
			compatibilityVersion = "Xcode 3.2";
			developmentRegion = English;
			hasScannedForEncodings = 0;
			knownRegions = (
				en,
				Base,
			);
			mainGroup = 54BADE0A1B161A230000CD39;
			productRefGroup = 54BADE141B161A230000CD39 /* Products */;
			projectDirPath = "";
			projectRoot = "";
			targets = (
				54BADE121B161A230000CD39 /* gravityGame */,
				54BADE2B1B161A230000CD39 /* gravityGameTests */,
			);
		};
/* End PBXProject section */

/* Begin PBXResourcesBuildPhase section */
		54BADE111B161A230000CD39 /* Resources */ = {
			isa = PBXResourcesBuildPhase;
			buildActionMask = 2147483647;
			files = (
				54BADE271B161A230000CD39 /* LaunchScreen.xib in Resources */,
				54BADE241B161A230000CD39 /* Images.xcassets in Resources */,
				54BADE1B1B161A230000CD39 /* GameScene.sks in Resources */,
				54BADE221B161A230000CD39 /* Main.storyboard in Resources */,
			);
			runOnlyForDeploymentPostprocessing = 0;
		};
		54BADE2A1B161A230000CD39 /* Resources */ = {
			isa = PBXResourcesBuildPhase;
			buildActionMask = 2147483647;
			files = (
			);
			runOnlyForDeploymentPostprocessing = 0;
		};
/* End PBXResourcesBuildPhase section */

/* Begin PBXSourcesBuildPhase section */
		54BADE0F1B161A230000CD39 /* Sources */ = {
			isa = PBXSourcesBuildPhase;
			buildActionMask = 2147483647;
			files = (
				54BADE1D1B161A230000CD39 /* GameScene.swift in Sources */,
				54BADE1F1B161A230000CD39 /* GameViewController.swift in Sources */,
				54BADE191B161A230000CD39 /* AppDelegate.swift in Sources */,
			);
			runOnlyForDeploymentPostprocessing = 0;
		};
		54BADE281B161A230000CD39 /* Sources */ = {
			isa = PBXSourcesBuildPhase;
			buildActionMask = 2147483647;
			files = (
				54BADE331B161A230000CD39 /* gravityGameTests.swift in Sources */,
			);
			runOnlyForDeploymentPostprocessing = 0;
		};
/* End PBXSourcesBuildPhase section */

/* Begin PBXTargetDependency section */
		54BADE2E1B161A230000CD39 /* PBXTargetDependency */ = {
			isa = PBXTargetDependency;
			target = 54BADE121B161A230000CD39 /* gravityGame */;
			targetProxy = 54BADE2D1B161A230000CD39 /* PBXContainerItemProxy */;
		};
/* End PBXTargetDependency section */

/* Begin PBXVariantGroup section */
		54BADE201B161A230000CD39 /* Main.storyboard */ = {
			isa = PBXVariantGroup;
			children = (
				54BADE211B161A230000CD39 /* Base */,
			);
			name = Main.storyboard;
			sourceTree = "<group>";
		};
		54BADE251B161A230000CD39 /* LaunchScreen.xib */ = {
			isa = PBXVariantGroup;
			children = (
				54BADE261B161A230000CD39 /* Base */,
			);
			name = LaunchScreen.xib;
			sourceTree = "<group>";
		};
/* End PBXVariantGroup section */

/* Begin XCBuildConfiguration section */
		54BADE341B161A230000CD39 /* Debug */ = {
			isa = XCBuildConfiguration;
			buildSettings = {
				ALWAYS_SEARCH_USER_PATHS = NO;
				CLANG_CXX_LANGUAGE_STANDARD = "gnu++0x";
				CLANG_CXX_LIBRARY = "libc++";
				CLANG_ENABLE_MODULES = YES;
				CLANG_ENABLE_OBJC_ARC = YES;
				CLANG_WARN_BOOL_CONVERSION = YES;
				CLANG_WARN_CONSTANT_CONVERSION = YES;
				CLANG_WARN_DIRECT_OBJC_ISA_USAGE = YES_ERROR;
				CLANG_WARN_EMPTY_BODY = YES;
				CLANG_WARN_ENUM_CONVERSION = YES;
				CLANG_WARN_INT_CONVERSION = YES;
				CLANG_WARN_OBJC_ROOT_CLASS = YES_ERROR;
				CLANG_WARN_UNREACHABLE_CODE = YES;
				CLANG_WARN__DUPLICATE_METHOD_MATCH = YES;
				"CODE_SIGN_IDENTITY[sdk=iphoneos*]" = "iPhone Developer";
				COPY_PHASE_STRIP = NO;
				DEBUG_INFORMATION_FORMAT = "dwarf-with-dsym";
				ENABLE_STRICT_OBJC_MSGSEND = YES;
				GCC_C_LANGUAGE_STANDARD = gnu99;
				GCC_DYNAMIC_NO_PIC = NO;
				GCC_NO_COMMON_BLOCKS = YES;
				GCC_OPTIMIZATION_LEVEL = 0;
				GCC_PREPROCESSOR_DEFINITIONS = (
					"DEBUG=1",
					"$(inherited)",
				);
				GCC_SYMBOLS_PRIVATE_EXTERN = NO;
				GCC_WARN_64_TO_32_BIT_CONVERSION = YES;
				GCC_WARN_ABOUT_RETURN_TYPE = YES_ERROR;
				GCC_WARN_UNDECLARED_SELECTOR = YES;
				GCC_WARN_UNINITIALIZED_AUTOS = YES_AGGRESSIVE;
				GCC_WARN_UNUSED_FUNCTION = YES;
				GCC_WARN_UNUSED_VARIABLE = YES;
				IPHONEOS_DEPLOYMENT_TARGET = 8.3;
				MTL_ENABLE_DEBUG_INFO = YES;
				ONLY_ACTIVE_ARCH = YES;
				SDKROOT = iphoneos;
				SWIFT_OPTIMIZATION_LEVEL = "-Onone";
				TARGETED_DEVICE_FAMILY = "1,2";
			};
			name = Debug;
		};
		54BADE351B161A230000CD39 /* Release */ = {
			isa = XCBuildConfiguration;
			buildSettings = {
				ALWAYS_SEARCH_USER_PATHS = NO;
				CLANG_CXX_LANGUAGE_STANDARD = "gnu++0x";
				CLANG_CXX_LIBRARY = "libc++";
				CLANG_ENABLE_MODULES = YES;
				CLANG_ENABLE_OBJC_ARC = YES;
				CLANG_WARN_BOOL_CONVERSION = YES;
				CLANG_WARN_CONSTANT_CONVERSION = YES;
				CLANG_WARN_DIRECT_OBJC_ISA_USAGE = YES_ERROR;
				CLANG_WARN_EMPTY_BODY = YES;
				CLANG_WARN_ENUM_CONVERSION = YES;
				CLANG_WARN_INT_CONVERSION = YES;
				CLANG_WARN_OBJC_ROOT_CLASS = YES_ERROR;
				CLANG_WARN_UNREACHABLE_CODE = YES;
				CLANG_WARN__DUPLICATE_METHOD_MATCH = YES;
				"CODE_SIGN_IDENTITY[sdk=iphoneos*]" = "iPhone Developer";
				COPY_PHASE_STRIP = NO;
				DEBUG_INFORMATION_FORMAT = "dwarf-with-dsym";
				ENABLE_NS_ASSERTIONS = NO;
				ENABLE_STRICT_OBJC_MSGSEND = YES;
				GCC_C_LANGUAGE_STANDARD = gnu99;
				GCC_NO_COMMON_BLOCKS = YES;
				GCC_WARN_64_TO_32_BIT_CONVERSION = YES;
				GCC_WARN_ABOUT_RETURN_TYPE = YES_ERROR;
				GCC_WARN_UNDECLARED_SELECTOR = YES;
				GCC_WARN_UNINITIALIZED_AUTOS = YES_AGGRESSIVE;
				GCC_WARN_UNUSED_FUNCTION = YES;
				GCC_WARN_UNUSED_VARIABLE = YES;
				IPHONEOS_DEPLOYMENT_TARGET = 8.3;
				MTL_ENABLE_DEBUG_INFO = NO;
				SDKROOT = iphoneos;
				TARGETED_DEVICE_FAMILY = "1,2";
				VALIDATE_PRODUCT = YES;
			};
			name = Release;
		};
		54BADE371B161A230000CD39 /* Debug */ = {
			isa = XCBuildConfiguration;
			buildSettings = {
				ASSETCATALOG_COMPILER_APPICON_NAME = AppIcon;
				INFOPLIST_FILE = gravityGame/Info.plist;
				LD_RUNPATH_SEARCH_PATHS = "$(inherited) @executable_path/Frameworks";
				PRODUCT_NAME = "$(TARGET_NAME)";
			};
			name = Debug;
		};
		54BADE381B161A230000CD39 /* Release */ = {
			isa = XCBuildConfiguration;
			buildSettings = {
				ASSETCATALOG_COMPILER_APPICON_NAME = AppIcon;
				INFOPLIST_FILE = gravityGame/Info.plist;
				LD_RUNPATH_SEARCH_PATHS = "$(inherited) @executable_path/Frameworks";
				PRODUCT_NAME = "$(TARGET_NAME)";
			};
			name = Release;
		};
		54BADE3A1B161A230000CD39 /* Debug */ = {
			isa = XCBuildConfiguration;
			buildSettings = {
				BUNDLE_LOADER = "$(TEST_HOST)";
				FRAMEWORK_SEARCH_PATHS = (
					"$(SDKROOT)/Developer/Library/Frameworks",
					"$(inherited)",
				);
				GCC_PREPROCESSOR_DEFINITIONS = (
					"DEBUG=1",
					"$(inherited)",
				);
				INFOPLIST_FILE = gravityGameTests/Info.plist;
				LD_RUNPATH_SEARCH_PATHS = "$(inherited) @executable_path/Frameworks @loader_path/Frameworks";
				PRODUCT_NAME = "$(TARGET_NAME)";
				TEST_HOST = "$(BUILT_PRODUCTS_DIR)/gravityGame.app/gravityGame";
			};
			name = Debug;
		};
		54BADE3B1B161A230000CD39 /* Release */ = {
			isa = XCBuildConfiguration;
			buildSettings = {
				BUNDLE_LOADER = "$(TEST_HOST)";
				FRAMEWORK_SEARCH_PATHS = (
					"$(SDKROOT)/Developer/Library/Frameworks",
					"$(inherited)",
				);
				INFOPLIST_FILE = gravityGameTests/Info.plist;
				LD_RUNPATH_SEARCH_PATHS = "$(inherited) @executable_path/Frameworks @loader_path/Frameworks";
				PRODUCT_NAME = "$(TARGET_NAME)";
				TEST_HOST = "$(BUILT_PRODUCTS_DIR)/gravityGame.app/gravityGame";
			};
			name = Release;
		};
/* End XCBuildConfiguration section */

/* Begin XCConfigurationList section */
		54BADE0E1B161A230000CD39 /* Build configuration list for PBXProject "gravityGame" */ = {
			isa = XCConfigurationList;
			buildConfigurations = (
				54BADE341B161A230000CD39 /* Debug */,
				54BADE351B161A230000CD39 /* Release */,
			);
			defaultConfigurationIsVisible = 0;
			defaultConfigurationName = Release;
		};
		54BADE361B161A230000CD39 /* Build configuration list for PBXNativeTarget "gravityGame" */ = {
			isa = XCConfigurationList;
			buildConfigurations = (
				54BADE371B161A230000CD39 /* Debug */,
				54BADE381B161A230000CD39 /* Release */,
			);
			defaultConfigurationIsVisible = 0;
		};
		54BADE391B161A230000CD39 /* Build configuration list for PBXNativeTarget "gravityGameTests" */ = {
			isa = XCConfigurationList;
			buildConfigurations = (
				54BADE3A1B161A230000CD39 /* Debug */,
				54BADE3B1B161A230000CD39 /* Release */,
			);
			defaultConfigurationIsVisible = 0;
		};
/* End XCConfigurationList section */
	};
	rootObject = 54BADE0B1B161A230000CD39 /* Project object */;
}
